
Microsoft Visual Studio Solution File, Format Version 12.00
# Visual Studio Version 16
VisualStudioVersion = 16.0.30907.101
MinimumVisualStudioVersion = 10.0.40219.1
Project("{FAE04EC0-301F-11D3-BF4B-00C04F79EFBC}") = "FizzBuzzConsole", "FizzBuzzConsole\FizzBuzzConsole.csproj", "{D7FDD7C3-6F55-4FFC-AA91-B011B2740F34}"
EndProject
Project("{FAE04EC0-301F-11D3-BF4B-00C04F79EFBC}") = "FizzBuzzLibrary", "FizzBuzzLibrary\FizzBuzzLibrary.csproj", "{431CF9A9-2A33-48EF-8E5F-4AC8371524F9}"
EndProject
Global
	GlobalSection(SolutionConfigurationPlatforms) = preSolution
		Debug|Any CPU = Debug|Any CPU
		Release|Any CPU = Release|Any CPU
	EndGlobalSection
	GlobalSection(ProjectConfigurationPlatforms) = postSolution
		{D7FDD7C3-6F55-4FFC-AA91-B011B2740F34}.Debug|Any CPU.ActiveCfg = Debug|Any CPU
		{D7FDD7C3-6F55-4FFC-AA91-B011B2740F34}.Debug|Any CPU.Build.0 = Debug|Any CPU
		{D7FDD7C3-6F55-4FFC-AA91-B011B2740F34}.Release|Any CPU.ActiveCfg = Release|Any CPU
		{D7FDD7C3-6F55-4FFC-AA91-B011B2740F34}.Release|Any CPU.Build.0 = Release|Any CPU
		{431CF9A9-2A33-48EF-8E5F-4AC8371524F9}.Debug|Any CPU.ActiveCfg = Debug|Any CPU
		{431CF9A9-2A33-48EF-8E5F-4AC8371524F9}.Debug|Any CPU.Build.0 = Debug|Any CPU
		{431CF9A9-2A33-48EF-8E5F-4AC8371524F9}.Release|Any CPU.ActiveCfg = Release|Any CPU
		{431CF9A9-2A33-48EF-8E5F-4AC8371524F9}.Release|Any CPU.Build.0 = Release|Any CPU
	EndGlobalSection
	GlobalSection(SolutionProperties) = preSolution
		HideSolutionNode = FALSE
	EndGlobalSection
	GlobalSection(ExtensibilityGlobals) = postSolution
		SolutionGuid = {124C9723-022A-463A-B915-86FD346C8A3C}
	EndGlobalSection
EndGlobal
